
Microsoft Visual Studio Solution File, Format Version 12.00
# Visual Studio 15
VisualStudioVersion = 15.0.28307.2092
MinimumVisualStudioVersion = 10.0.40219.1
Project("{FAE04EC0-301F-11D3-BF4B-00C04F79EFBC}") = "StockTracking_Gold.Ap", "StockTracking_Gold.Console\StockTracking_Gold.Ap.csproj", "{2B3BB472-A047-4F55-BF9E-555A2F594818}"
EndProject
Project("{FAE04EC0-301F-11D3-BF4B-00C04F79EFBC}") = "StockTracking_Gold.Test", "StockTracking_Gold.Test\StockTracking_Gold.Test.csproj", "{82673819-5303-4FA4-857F-3FDC71FFB8DA}"
EndProject
Global
	GlobalSection(SolutionConfigurationPlatforms) = preSolution
		Debug|Any CPU = Debug|Any CPU
		Release|Any CPU = Release|Any CPU
	EndGlobalSection
	GlobalSection(ProjectConfigurationPlatforms) = postSolution
		{2B3BB472-A047-4F55-BF9E-555A2F594818}.Debug|Any CPU.ActiveCfg = Debug|Any CPU
		{2B3BB472-A047-4F55-BF9E-555A2F594818}.Debug|Any CPU.Build.0 = Debug|Any CPU
		{2B3BB472-A047-4F55-BF9E-555A2F594818}.Release|Any CPU.ActiveCfg = Release|Any CPU
		{2B3BB472-A047-4F55-BF9E-555A2F594818}.Release|Any CPU.Build.0 = Release|Any CPU
		{82673819-5303-4FA4-857F-3FDC71FFB8DA}.Debug|Any CPU.ActiveCfg = Debug|Any CPU
		{82673819-5303-4FA4-857F-3FDC71FFB8DA}.Debug|Any CPU.Build.0 = Debug|Any CPU
		{82673819-5303-4FA4-857F-3FDC71FFB8DA}.Release|Any CPU.ActiveCfg = Release|Any CPU
		{82673819-5303-4FA4-857F-3FDC71FFB8DA}.Release|Any CPU.Build.0 = Release|Any CPU
	EndGlobalSection
	GlobalSection(SolutionProperties) = preSolution
		HideSolutionNode = FALSE
	EndGlobalSection
	GlobalSection(ExtensibilityGlobals) = postSolution
		SolutionGuid = {72649BC0-5986-4DF8-B7BF-5EC496AD0ABE}
	EndGlobalSection
EndGlobal
