
Microsoft Visual Studio Solution File, Format Version 12.00
# Visual Studio Version 17
VisualStudioVersion = 17.1.32328.378
MinimumVisualStudioVersion = 10.0.40219.1
Project("{FAE04EC0-301F-11D3-BF4B-00C04F79EFBC}") = "StockTracking_Gold.Console", "StockTracking_Gold.Console\StockTracking_Gold.Console.csproj", "{2B3BB472-A047-4F55-BF9E-555A2F594818}"
EndProject
Global
	GlobalSection(SolutionConfigurationPlatforms) = preSolution
		Debug|Any CPU = Debug|Any CPU
		Release|Any CPU = Release|Any CPU
	EndGlobalSection
	GlobalSection(ProjectConfigurationPlatforms) = postSolution
		{2B3BB472-A047-4F55-BF9E-555A2F594818}.Debug|Any CPU.ActiveCfg = Debug|Any CPU
		{2B3BB472-A047-4F55-BF9E-555A2F594818}.Debug|Any CPU.Build.0 = Debug|Any CPU
		{2B3BB472-A047-4F55-BF9E-555A2F594818}.Release|Any CPU.ActiveCfg = Release|Any CPU
		{2B3BB472-A047-4F55-BF9E-555A2F594818}.Release|Any CPU.Build.0 = Release|Any CPU
	EndGlobalSection
	GlobalSection(SolutionProperties) = preSolution
		HideSolutionNode = FALSE
	EndGlobalSection
	GlobalSection(ExtensibilityGlobals) = postSolution
		SolutionGuid = {72649BC0-5986-4DF8-B7BF-5EC496AD0ABE}
	EndGlobalSection
EndGlobal
